
Microsoft Visual Studio Solution File, Format Version 12.00
# Visual Studio Version 16
VisualStudioVersion = 16.0.31112.23
MinimumVisualStudioVersion = 10.0.40219.1
Project("{FAE04EC0-301F-11D3-BF4B-00C04F79EFBC}") = "ElectronicFireRegister.Server", "Server\ElectronicFireRegister.Server.csproj", "{DD0F92D6-1A1E-4D7B-AA38-FC02EB4132E8}"
EndProject
Project("{FAE04EC0-301F-11D3-BF4B-00C04F79EFBC}") = "ElectronicFireRegister.Client", "Client\ElectronicFireRegister.Client.csproj", "{4505535C-6419-4595-8284-295B445CE084}"
EndProject
Project("{FAE04EC0-301F-11D3-BF4B-00C04F79EFBC}") = "ElectronicFireRegister.Shared", "Shared\ElectronicFireRegister.Shared.csproj", "{F567778E-C411-4B68-9F90-CD30C68653EE}"
EndProject
Global
	GlobalSection(SolutionConfigurationPlatforms) = preSolution
		Debug|Any CPU = Debug|Any CPU
		Release|Any CPU = Release|Any CPU
	EndGlobalSection
	GlobalSection(ProjectConfigurationPlatforms) = postSolution
		{DD0F92D6-1A1E-4D7B-AA38-FC02EB4132E8}.Debug|Any CPU.ActiveCfg = Debug|Any CPU
		{DD0F92D6-1A1E-4D7B-AA38-FC02EB4132E8}.Debug|Any CPU.Build.0 = Debug|Any CPU
		{DD0F92D6-1A1E-4D7B-AA38-FC02EB4132E8}.Release|Any CPU.ActiveCfg = Release|Any CPU
		{DD0F92D6-1A1E-4D7B-AA38-FC02EB4132E8}.Release|Any CPU.Build.0 = Release|Any CPU
		{4505535C-6419-4595-8284-295B445CE084}.Debug|Any CPU.ActiveCfg = Debug|Any CPU
		{4505535C-6419-4595-8284-295B445CE084}.Debug|Any CPU.Build.0 = Debug|Any CPU
		{4505535C-6419-4595-8284-295B445CE084}.Release|Any CPU.ActiveCfg = Release|Any CPU
		{4505535C-6419-4595-8284-295B445CE084}.Release|Any CPU.Build.0 = Release|Any CPU
		{F567778E-C411-4B68-9F90-CD30C68653EE}.Debug|Any CPU.ActiveCfg = Debug|Any CPU
		{F567778E-C411-4B68-9F90-CD30C68653EE}.Debug|Any CPU.Build.0 = Debug|Any CPU
		{F567778E-C411-4B68-9F90-CD30C68653EE}.Release|Any CPU.ActiveCfg = Release|Any CPU
		{F567778E-C411-4B68-9F90-CD30C68653EE}.Release|Any CPU.Build.0 = Release|Any CPU
	EndGlobalSection
	GlobalSection(SolutionProperties) = preSolution
		HideSolutionNode = FALSE
	EndGlobalSection
	GlobalSection(ExtensibilityGlobals) = postSolution
		SolutionGuid = {06D333F0-A305-4EB2-A877-F9F7B537F0DE}
	EndGlobalSection
EndGlobal
